{
  "requires": true,
  "lockfileVersion": 1,
  "dependencies": {
    "@sweetalert2/theme-dark": {
      "version": "5.0.10",
      "resolved": "https://registry.npmjs.org/@sweetalert2/theme-dark/-/theme-dark-5.0.10.tgz",
      "integrity": "sha512-RN/ChCzG7yZ4Zi01hWjz6n4pqWCbJHb9zvKTczcmPMAeCeiqkeIQlWc6IR5shUBZkYfbioLdjzwhceB07dXR4w=="
    },
    "sweetalert2": {
      "version": "11.4.8",
      "resolved": "https://registry.npmjs.org/sweetalert2/-/sweetalert2-11.4.8.tgz",
      "integrity": "sha512-BDS/+E8RwaekGSxCPUbPnsRAyQ439gtXkTF/s98vY2l9DaVEOMjGj1FaQSorfGREKsbbxGSP7UXboibL5vgTMA=="
    }
  }
}
